
Microsoft Visual Studio Solution File, Format Version 12.00
# Visual Studio Version 17
VisualStudioVersion = 17.4.33213.308
MinimumVisualStudioVersion = 10.0.40219.1
Project("{FAE04EC0-301F-11D3-BF4B-00C04F79EFBC}") = "QuanLyDoanhThu", "QuanLyDoanhThu\QuanLyDoanhThu.csproj", "{A8D2EFB6-5CC1-476D-98DD-4DF5C3F0781B}"
EndProject
Global
	GlobalSection(SolutionConfigurationPlatforms) = preSolution
		Debug|Any CPU = Debug|Any CPU
		Release|Any CPU = Release|Any CPU
	EndGlobalSection
	GlobalSection(ProjectConfigurationPlatforms) = postSolution
		{A8D2EFB6-5CC1-476D-98DD-4DF5C3F0781B}.Debug|Any CPU.ActiveCfg = Debug|Any CPU
		{A8D2EFB6-5CC1-476D-98DD-4DF5C3F0781B}.Debug|Any CPU.Build.0 = Debug|Any CPU
		{A8D2EFB6-5CC1-476D-98DD-4DF5C3F0781B}.Release|Any CPU.ActiveCfg = Release|Any CPU
		{A8D2EFB6-5CC1-476D-98DD-4DF5C3F0781B}.Release|Any CPU.Build.0 = Release|Any CPU
	EndGlobalSection
	GlobalSection(SolutionProperties) = preSolution
		HideSolutionNode = FALSE
	EndGlobalSection
	GlobalSection(ExtensibilityGlobals) = postSolution
		SolutionGuid = {6979F447-F2EB-42A6-BC76-DC79E84A4912}
	EndGlobalSection
EndGlobal
